// !$*UTF8*$!
{
	archiveVersion = 1;
	classes = {
	};
	objectVersion = 56;
	objects = {

/* Begin PBXBuildFile section */
		E02D457D2A1BC02500E4E852 /* PodTrackerApp.swift in Sources */ = {isa = PBXBuildFile; fileRef = E02D457C2A1BC02500E4E852 /* PodTrackerApp.swift */; };
		E02D457F2A1BC02500E4E852 /* ContentView.swift in Sources */ = {isa = PBXBuildFile; fileRef = E02D457E2A1BC02500E4E852 /* ContentView.swift */; };
		E02D45812A1BC02700E4E852 /* Assets.xcassets in Resources */ = {isa = PBXBuildFile; fileRef = E02D45802A1BC02700E4E852 /* Assets.xcassets */; };
		E02D45842A1BC02700E4E852 /* Preview Assets.xcassets in Resources */ = {isa = PBXBuildFile; fileRef = E02D45832A1BC02700E4E852 /* Preview Assets.xcassets */; };
		E02D458B2A1BC50500E4E852 /* CustomGauge.swift in Sources */ = {isa = PBXBuildFile; fileRef = E02D458A2A1BC50500E4E852 /* CustomGauge.swift */; };
		E02D458D2A1C6AE500E4E852 /* CustomBarGraph.swift in Sources */ = {isa = PBXBuildFile; fileRef = E02D458C2A1C6AE500E4E852 /* CustomBarGraph.swift */; };
		E02D458F2A23C23E00E4E852 /* PodData.swift in Sources */ = {isa = PBXBuildFile; fileRef = E02D458E2A23C23E00E4E852 /* PodData.swift */; };
		E02D45912A3A590F00E4E852 /* BleData.swift in Sources */ = {isa = PBXBuildFile; fileRef = E02D45902A3A590F00E4E852 /* BleData.swift */; };
		E02D45932A4CD77600E4E852 /* BleCom.swift in Sources */ = {isa = PBXBuildFile; fileRef = E02D45922A4CD77600E4E852 /* BleCom.swift */; };
		E0C0ACB72A579E1E0049E5A8 /* BearingProtocolView.swift in Sources */ = {isa = PBXBuildFile; fileRef = E0C0ACB62A579E1E0049E5A8 /* BearingProtocolView.swift */; };
/* End PBXBuildFile section */

/* Begin PBXFileReference section */
		E02D45792A1BC02500E4E852 /* PodTracker.app */ = {isa = PBXFileReference; explicitFileType = wrapper.application; includeInIndex = 0; path = PodTracker.app; sourceTree = BUILT_PRODUCTS_DIR; };
		E02D457C2A1BC02500E4E852 /* PodTrackerApp.swift */ = {isa = PBXFileReference; lastKnownFileType = sourcecode.swift; path = PodTrackerApp.swift; sourceTree = "<group>"; };
		E02D457E2A1BC02500E4E852 /* ContentView.swift */ = {isa = PBXFileReference; lastKnownFileType = sourcecode.swift; path = ContentView.swift; sourceTree = "<group>"; };
		E02D45802A1BC02700E4E852 /* Assets.xcassets */ = {isa = PBXFileReference; lastKnownFileType = folder.assetcatalog; path = Assets.xcassets; sourceTree = "<group>"; };
		E02D45832A1BC02700E4E852 /* Preview Assets.xcassets */ = {isa = PBXFileReference; lastKnownFileType = folder.assetcatalog; path = "Preview Assets.xcassets"; sourceTree = "<group>"; };
		E02D458A2A1BC50500E4E852 /* CustomGauge.swift */ = {isa = PBXFileReference; lastKnownFileType = sourcecode.swift; path = CustomGauge.swift; sourceTree = "<group>"; };
		E02D458C2A1C6AE500E4E852 /* CustomBarGraph.swift */ = {isa = PBXFileReference; lastKnownFileType = sourcecode.swift; path = CustomBarGraph.swift; sourceTree = "<group>"; };
		E02D458E2A23C23E00E4E852 /* PodData.swift */ = {isa = PBXFileReference; lastKnownFileType = sourcecode.swift; path = PodData.swift; sourceTree = "<group>"; };
		E02D45902A3A590F00E4E852 /* BleData.swift */ = {isa = PBXFileReference; lastKnownFileType = sourcecode.swift; path = BleData.swift; sourceTree = "<group>"; };
		E02D45922A4CD77600E4E852 /* BleCom.swift */ = {isa = PBXFileReference; lastKnownFileType = sourcecode.swift; path = BleCom.swift; sourceTree = "<group>"; };
		E0C0ACB62A579E1E0049E5A8 /* BearingProtocolView.swift */ = {isa = PBXFileReference; lastKnownFileType = sourcecode.swift; path = BearingProtocolView.swift; sourceTree = "<group>"; };
/* End PBXFileReference section */

/* Begin PBXFrameworksBuildPhase section */
		E02D45762A1BC02500E4E852 /* Frameworks */ = {
			isa = PBXFrameworksBuildPhase;
			buildActionMask = 2147483647;
			files = (
			);
			runOnlyForDeploymentPostprocessing = 0;
		};
/* End PBXFrameworksBuildPhase section */

/* Begin PBXGroup section */
		E02D45702A1BC02500E4E852 = {
			isa = PBXGroup;
			children = (
				E02D457B2A1BC02500E4E852 /* PodTracker */,
				E02D457A2A1BC02500E4E852 /* Products */,
			);
			sourceTree = "<group>";
		};
		E02D457A2A1BC02500E4E852 /* Products */ = {
			isa = PBXGroup;
			children = (
				E02D45792A1BC02500E4E852 /* PodTracker.app */,
			);
			name = Products;
			sourceTree = "<group>";
		};
		E02D457B2A1BC02500E4E852 /* PodTracker */ = {
			isa = PBXGroup;
			children = (
				E02D457C2A1BC02500E4E852 /* PodTrackerApp.swift */,
				E0C0ACB62A579E1E0049E5A8 /* BearingProtocolView.swift */,
				E02D457E2A1BC02500E4E852 /* ContentView.swift */,
				E02D458A2A1BC50500E4E852 /* CustomGauge.swift */,
				E02D458C2A1C6AE500E4E852 /* CustomBarGraph.swift */,
				E02D458E2A23C23E00E4E852 /* PodData.swift */,
				E02D45922A4CD77600E4E852 /* BleCom.swift */,
				E02D45902A3A590F00E4E852 /* BleData.swift */,
				E02D45802A1BC02700E4E852 /* Assets.xcassets */,
				E02D45822A1BC02700E4E852 /* Preview Content */,
			);
			path = PodTracker;
			sourceTree = "<group>";
		};
		E02D45822A1BC02700E4E852 /* Preview Content */ = {
			isa = PBXGroup;
			children = (
				E02D45832A1BC02700E4E852 /* Preview Assets.xcassets */,
			);
			path = "Preview Content";
			sourceTree = "<group>";
		};
/* End PBXGroup section */

/* Begin PBXNativeTarget section */
		E02D45782A1BC02500E4E852 /* PodTracker */ = {
			isa = PBXNativeTarget;
			buildConfigurationList = E02D45872A1BC02700E4E852 /* Build configuration list for PBXNativeTarget "PodTracker" */;
			buildPhases = (
				E02D45752A1BC02500E4E852 /* Sources */,
				E02D45762A1BC02500E4E852 /* Frameworks */,
				E02D45772A1BC02500E4E852 /* Resources */,
			);
			buildRules = (
			);
			dependencies = (
			);
			name = PodTracker;
			productName = PodTracker;
			productReference = E02D45792A1BC02500E4E852 /* PodTracker.app */;
			productType = "com.apple.product-type.application";
		};
/* End PBXNativeTarget section */

/* Begin PBXProject section */
		E02D45712A1BC02500E4E852 /* Project object */ = {
			isa = PBXProject;
			attributes = {
				BuildIndependentTargetsInParallel = 1;
				LastSwiftUpdateCheck = 1420;
				LastUpgradeCheck = 1420;
				TargetAttributes = {
					E02D45782A1BC02500E4E852 = {
						CreatedOnToolsVersion = 14.2;
					};
				};
			};
			buildConfigurationList = E02D45742A1BC02500E4E852 /* Build configuration list for PBXProject "PodTracker" */;
			compatibilityVersion = "Xcode 14.0";
			developmentRegion = en;
			hasScannedForEncodings = 0;
			knownRegions = (
				en,
				Base,
			);
			mainGroup = E02D45702A1BC02500E4E852;
			productRefGroup = E02D457A2A1BC02500E4E852 /* Products */;
			projectDirPath = "";
			projectRoot = "";
			targets = (
				E02D45782A1BC02500E4E852 /* PodTracker */,
			);
		};
/* End PBXProject section */

/* Begin PBXResourcesBuildPhase section */
		E02D45772A1BC02500E4E852 /* Resources */ = {
			isa = PBXResourcesBuildPhase;
			buildActionMask = 2147483647;
			files = (
				E02D45842A1BC02700E4E852 /* Preview Assets.xcassets in Resources */,
				E02D45812A1BC02700E4E852 /* Assets.xcassets in Resources */,
			);
			runOnlyForDeploymentPostprocessing = 0;
		};
/* End PBXResourcesBuildPhase section */

/* Begin PBXSourcesBuildPhase section */
		E02D45752A1BC02500E4E852 /* Sources */ = {
			isa = PBXSourcesBuildPhase;
			buildActionMask = 2147483647;
			files = (
				E02D45932A4CD77600E4E852 /* BleCom.swift in Sources */,
				E0C0ACB72A579E1E0049E5A8 /* BearingProtocolView.swift in Sources */,
				E02D458B2A1BC50500E4E852 /* CustomGauge.swift in Sources */,
				E02D458D2A1C6AE500E4E852 /* CustomBarGraph.swift in Sources */,
				E02D458F2A23C23E00E4E852 /* PodData.swift in Sources */,
				E02D45912A3A590F00E4E852 /* BleData.swift in Sources */,
				E02D457F2A1BC02500E4E852 /* ContentView.swift in Sources */,
				E02D457D2A1BC02500E4E852 /* PodTrackerApp.swift in Sources */,
			);
			runOnlyForDeploymentPostprocessing = 0;
		};
/* End PBXSourcesBuildPhase section */

/* Begin XCBuildConfiguration section */
		E02D45852A1BC02700E4E852 /* Debug */ = {
			isa = XCBuildConfiguration;
			buildSettings = {
				ALWAYS_SEARCH_USER_PATHS = NO;
				CLANG_ANALYZER_NONNULL = YES;
				CLANG_ANALYZER_NUMBER_OBJECT_CONVERSION = YES_AGGRESSIVE;
				CLANG_CXX_LANGUAGE_STANDARD = "gnu++20";
				CLANG_ENABLE_MODULES = YES;
				CLANG_ENABLE_OBJC_ARC = YES;
				CLANG_ENABLE_OBJC_WEAK = YES;
				CLANG_WARN_BLOCK_CAPTURE_AUTORELEASING = YES;
				CLANG_WARN_BOOL_CONVERSION = YES;
				CLANG_WARN_COMMA = YES;
				CLANG_WARN_CONSTANT_CONVERSION = YES;
				CLANG_WARN_DEPRECATED_OBJC_IMPLEMENTATIONS = YES;
				CLANG_WARN_DIRECT_OBJC_ISA_USAGE = YES_ERROR;
				CLANG_WARN_DOCUMENTATION_COMMENTS = YES;
				CLANG_WARN_EMPTY_BODY = YES;
				CLANG_WARN_ENUM_CONVERSION = YES;
				CLANG_WARN_INFINITE_RECURSION = YES;
				CLANG_WARN_INT_CONVERSION = YES;
				CLANG_WARN_NON_LITERAL_NULL_CONVERSION = YES;
				CLANG_WARN_OBJC_IMPLICIT_RETAIN_SELF = YES;
				CLANG_WARN_OBJC_LITERAL_CONVERSION = YES;
				CLANG_WARN_OBJC_ROOT_CLASS = YES_ERROR;
				CLANG_WARN_QUOTED_INCLUDE_IN_FRAMEWORK_HEADER = YES;
				CLANG_WARN_RANGE_LOOP_ANALYSIS = YES;
				CLANG_WARN_STRICT_PROTOTYPES = YES;
				CLANG_WARN_SUSPICIOUS_MOVE = YES;
				CLANG_WARN_UNGUARDED_AVAILABILITY = YES_AGGRESSIVE;
				CLANG_WARN_UNREACHABLE_CODE = YES;
				CLANG_WARN__DUPLICATE_METHOD_MATCH = YES;
				COPY_PHASE_STRIP = NO;
				DEBUG_INFORMATION_FORMAT = dwarf;
				ENABLE_STRICT_OBJC_MSGSEND = YES;
				ENABLE_TESTABILITY = YES;
				GCC_C_LANGUAGE_STANDARD = gnu11;
				GCC_DYNAMIC_NO_PIC = NO;
				GCC_NO_COMMON_BLOCKS = YES;
				GCC_OPTIMIZATION_LEVEL = 0;
				GCC_PREPROCESSOR_DEFINITIONS = (
					"DEBUG=1",
					"$(inherited)",
				);
				GCC_WARN_64_TO_32_BIT_CONVERSION = YES;
				GCC_WARN_ABOUT_RETURN_TYPE = YES_ERROR;
				GCC_WARN_UNDECLARED_SELECTOR = YES;
				GCC_WARN_UNINITIALIZED_AUTOS = YES_AGGRESSIVE;
				GCC_WARN_UNUSED_FUNCTION = YES;
				GCC_WARN_UNUSED_VARIABLE = YES;
				IPHONEOS_DEPLOYMENT_TARGET = 16.2;
				MTL_ENABLE_DEBUG_INFO = INCLUDE_SOURCE;
				MTL_FAST_MATH = YES;
				ONLY_ACTIVE_ARCH = YES;
				SDKROOT = iphoneos;
				SWIFT_ACTIVE_COMPILATION_CONDITIONS = DEBUG;
				SWIFT_OPTIMIZATION_LEVEL = "-Onone";
			};
			name = Debug;
		};
		E02D45862A1BC02700E4E852 /* Release */ = {
			isa = XCBuildConfiguration;
			buildSettings = {
				ALWAYS_SEARCH_USER_PATHS = NO;
				CLANG_ANALYZER_NONNULL = YES;
				CLANG_ANALYZER_NUMBER_OBJECT_CONVERSION = YES_AGGRESSIVE;
				CLANG_CXX_LANGUAGE_STANDARD = "gnu++20";
				CLANG_ENABLE_MODULES = YES;
				CLANG_ENABLE_OBJC_ARC = YES;
				CLANG_ENABLE_OBJC_WEAK = YES;
				CLANG_WARN_BLOCK_CAPTURE_AUTORELEASING = YES;
				CLANG_WARN_BOOL_CONVERSION = YES;
				CLANG_WARN_COMMA = YES;
				CLANG_WARN_CONSTANT_CONVERSION = YES;
				CLANG_WARN_DEPRECATED_OBJC_IMPLEMENTATIONS = YES;
				CLANG_WARN_DIRECT_OBJC_ISA_USAGE = YES_ERROR;
				CLANG_WARN_DOCUMENTATION_COMMENTS = YES;
				CLANG_WARN_EMPTY_BODY = YES;
				CLANG_WARN_ENUM_CONVERSION = YES;
				CLANG_WARN_INFINITE_RECURSION = YES;
				CLANG_WARN_INT_CONVERSION = YES;
				CLANG_WARN_NON_LITERAL_NULL_CONVERSION = YES;
				CLANG_WARN_OBJC_IMPLICIT_RETAIN_SELF = YES;
				CLANG_WARN_OBJC_LITERAL_CONVERSION = YES;
				CLANG_WARN_OBJC_ROOT_CLASS = YES_ERROR;
				CLANG_WARN_QUOTED_INCLUDE_IN_FRAMEWORK_HEADER = YES;
				CLANG_WARN_RANGE_LOOP_ANALYSIS = YES;
				CLANG_WARN_STRICT_PROTOTYPES = YES;
				CLANG_WARN_SUSPICIOUS_MOVE = YES;
				CLANG_WARN_UNGUARDED_AVAILABILITY = YES_AGGRESSIVE;
				CLANG_WARN_UNREACHABLE_CODE = YES;
				CLANG_WARN__DUPLICATE_METHOD_MATCH = YES;
				COPY_PHASE_STRIP = NO;
				DEBUG_INFORMATION_FORMAT = "dwarf-with-dsym";
				ENABLE_NS_ASSERTIONS = NO;
				ENABLE_STRICT_OBJC_MSGSEND = YES;
				GCC_C_LANGUAGE_STANDARD = gnu11;
				GCC_NO_COMMON_BLOCKS = YES;
				GCC_WARN_64_TO_32_BIT_CONVERSION = YES;
				GCC_WARN_ABOUT_RETURN_TYPE = YES_ERROR;
				GCC_WARN_UNDECLARED_SELECTOR = YES;
				GCC_WARN_UNINITIALIZED_AUTOS = YES_AGGRESSIVE;
				GCC_WARN_UNUSED_FUNCTION = YES;
				GCC_WARN_UNUSED_VARIABLE = YES;
				IPHONEOS_DEPLOYMENT_TARGET = 16.2;
				MTL_ENABLE_DEBUG_INFO = NO;
				MTL_FAST_MATH = YES;
				SDKROOT = iphoneos;
				SWIFT_COMPILATION_MODE = wholemodule;
				SWIFT_OPTIMIZATION_LEVEL = "-O";
				VALIDATE_PRODUCT = YES;
			};
			name = Release;
		};
		E02D45882A1BC02700E4E852 /* Debug */ = {
			isa = XCBuildConfiguration;
			buildSettings = {
				ASSETCATALOG_COMPILER_APPICON_NAME = AppIcon;
				ASSETCATALOG_COMPILER_GLOBAL_ACCENT_COLOR_NAME = AccentColor;
				CODE_SIGN_STYLE = Automatic;
				CURRENT_PROJECT_VERSION = 1;
				DEVELOPMENT_ASSET_PATHS = "\"PodTracker/Preview Content\"";
				DEVELOPMENT_TEAM = MH44Z85RK5;
				ENABLE_PREVIEWS = YES;
				GENERATE_INFOPLIST_FILE = YES;
				INFOPLIST_KEY_UIApplicationSceneManifest_Generation = YES;
				INFOPLIST_KEY_UIApplicationSupportsIndirectInputEvents = YES;
				INFOPLIST_KEY_UILaunchScreen_Generation = YES;
				INFOPLIST_KEY_UISupportedInterfaceOrientations_iPad = "UIInterfaceOrientationPortrait UIInterfaceOrientationPortraitUpsideDown UIInterfaceOrientationLandscapeLeft UIInterfaceOrientationLandscapeRight";
				INFOPLIST_KEY_UISupportedInterfaceOrientations_iPhone = "UIInterfaceOrientationPortrait UIInterfaceOrientationLandscapeLeft UIInterfaceOrientationLandscapeRight";
				LD_RUNPATH_SEARCH_PATHS = (
					"$(inherited)",
					"@executable_path/Frameworks",
				);
				MARKETING_VERSION = 1.0;
				PRODUCT_BUNDLE_IDENTIFIER = com.igorbaglaenko.PodTracker;
				PRODUCT_NAME = "$(TARGET_NAME)";
				SWIFT_EMIT_LOC_STRINGS = YES;
				SWIFT_VERSION = 5.0;
				TARGETED_DEVICE_FAMILY = "1,2";
			};
			name = Debug;
		};
		E02D45892A1BC02700E4E852 /* Release */ = {
			isa = XCBuildConfiguration;
			buildSettings = {
				ASSETCATALOG_COMPILER_APPICON_NAME = AppIcon;
				ASSETCATALOG_COMPILER_GLOBAL_ACCENT_COLOR_NAME = AccentColor;
				CODE_SIGN_STYLE = Automatic;
				CURRENT_PROJECT_VERSION = 1;
				DEVELOPMENT_ASSET_PATHS = "\"PodTracker/Preview Content\"";
				DEVELOPMENT_TEAM = MH44Z85RK5;
				ENABLE_PREVIEWS = YES;
				GENERATE_INFOPLIST_FILE = YES;
				INFOPLIST_KEY_UIApplicationSceneManifest_Generation = YES;
				INFOPLIST_KEY_UIApplicationSupportsIndirectInputEvents = YES;
				INFOPLIST_KEY_UILaunchScreen_Generation = YES;
				INFOPLIST_KEY_UISupportedInterfaceOrientations_iPad = "UIInterfaceOrientationPortrait UIInterfaceOrientationPortraitUpsideDown UIInterfaceOrientationLandscapeLeft UIInterfaceOrientationLandscapeRight";
				INFOPLIST_KEY_UISupportedInterfaceOrientations_iPhone = "UIInterfaceOrientationPortrait UIInterfaceOrientationLandscapeLeft UIInterfaceOrientationLandscapeRight";
				LD_RUNPATH_SEARCH_PATHS = (
					"$(inherited)",
					"@executable_path/Frameworks",
				);
				MARKETING_VERSION = 1.0;
				PRODUCT_BUNDLE_IDENTIFIER = com.igorbaglaenko.PodTracker;
				PRODUCT_NAME = "$(TARGET_NAME)";
				SWIFT_EMIT_LOC_STRINGS = YES;
				SWIFT_VERSION = 5.0;
				TARGETED_DEVICE_FAMILY = "1,2";
			};
			name = Release;
		};
/* End XCBuildConfiguration section */

/* Begin XCConfigurationList section */
		E02D45742A1BC02500E4E852 /* Build configuration list for PBXProject "PodTracker" */ = {
			isa = XCConfigurationList;
			buildConfigurations = (
				E02D45852A1BC02700E4E852 /* Debug */,
				E02D45862A1BC02700E4E852 /* Release */,
			);
			defaultConfigurationIsVisible = 0;
			defaultConfigurationName = Release;
		};
		E02D45872A1BC02700E4E852 /* Build configuration list for PBXNativeTarget "PodTracker" */ = {
			isa = XCConfigurationList;
			buildConfigurations = (
				E02D45882A1BC02700E4E852 /* Debug */,
				E02D45892A1BC02700E4E852 /* Release */,
			);
			defaultConfigurationIsVisible = 0;
			defaultConfigurationName = Release;
		};
/* End XCConfigurationList section */
	};
	rootObject = E02D45712A1BC02500E4E852 /* Project object */;
}
